
Microsoft Visual Studio Solution File, Format Version 12.00
# Visual Studio Version 16
VisualStudioVersion = 16.0.29709.97
MinimumVisualStudioVersion = 10.0.40219.1
Project("{9A19103F-16F7-4668-BE54-9A1E7A4F7556}") = "ReservationService.Application", "ReservationService.Application\ReservationService.Application.csproj", "{0F2AB44E-7CB7-42BD-9A45-D77FE35709D4}"
EndProject
Project("{9A19103F-16F7-4668-BE54-9A1E7A4F7556}") = "ReservationService.Domain", "ReservationService.Domain\ReservationService.Domain.csproj", "{E8B1C285-99A9-47BF-8C73-32023ED6B476}"
EndProject
Project("{9A19103F-16F7-4668-BE54-9A1E7A4F7556}") = "ReservationService.IntegrationTests", "ReservationService.IntegrationTests\ReservationService.IntegrationTests.csproj", "{1C81BCCD-F041-4179-AAD7-9EEF484AD44C}"
EndProject
Project("{9A19103F-16F7-4668-BE54-9A1E7A4F7556}") = "ReservationService.Application.UnitTests", "ReservationService.Application.UnitTests\ReservationService.Application.UnitTests.csproj", "{C3CA91C7-80D6-49FC-A066-E3EFFD7CDD69}"
EndProject
Project("{9A19103F-16F7-4668-BE54-9A1E7A4F7556}") = "ReservationService.Api", "ReservationService.Api\ReservationService.Api.csproj", "{494F0604-0029-4F14-A73B-93CD6934D66D}"
EndProject
Project("{2150E333-8FDC-42A3-9474-1A3956D46DE8}") = "Reservation", "Reservation", "{2812E4FB-0E4D-4598-9622-CC990007624C}"
EndProject
Project("{2150E333-8FDC-42A3-9474-1A3956D46DE8}") = "Meetings", "Meetings", "{1A4CFD3B-5B2B-4A59-801D-100E3738FA9B}"
EndProject
Project("{FAE04EC0-301F-11D3-BF4B-00C04F79EFBC}") = "ReservationService.Infra", "ReservationService.Infra\ReservationService.Infra.csproj", "{92668B71-87B5-4AD5-8FA1-661F83DA8672}"
EndProject
Project("{FAE04EC0-301F-11D3-BF4B-00C04F79EFBC}") = "ReservationService.Messaging", "ReservationService.Messaging\ReservationService.Messaging.csproj", "{303F50A4-FB1E-4FD9-B541-C2D77D433E41}"
EndProject
Project("{FAE04EC0-301F-11D3-BF4B-00C04F79EFBC}") = "Common.Application", "Common.Application\Common.Application.csproj", "{AA4E8747-DBDB-4A58-B205-5F8CF9166476}"
EndProject
Project("{E53339B2-1760-4266-BCC7-CA923CBCF16C}") = "docker-compose", "docker-compose.dcproj", "{DA452406-F7E4-4DE6-A528-BC76C4ADBDD6}"
EndProject
Project("{2150E333-8FDC-42A3-9474-1A3956D46DE8}") = "Common", "Common", "{DBB1F9CE-39DC-4AEA-9983-85F7A79A4F85}"
EndProject
Project("{FAE04EC0-301F-11D3-BF4B-00C04F79EFBC}") = "Common.Web", "Common.Web\Common.Web.csproj", "{3DA4189A-CD21-40F5-9B7A-5264047C9082}"
EndProject
Project("{9A19103F-16F7-4668-BE54-9A1E7A4F7556}") = "Meetings.Domain", "Meetings.Domain\Meetings.Domain.csproj", "{BD441D98-FCA0-4D02-B53E-9C295B1F6E08}"
EndProject
Project("{9A19103F-16F7-4668-BE54-9A1E7A4F7556}") = "Meetings.Application", "Meetings.Application\Meetings.Application.csproj", "{21852674-16C0-4B2E-8E2E-40B93F8DE409}"
EndProject
Project("{9A19103F-16F7-4668-BE54-9A1E7A4F7556}") = "Meetings.Infra", "Meetings.Infra\Meetings.Infra.csproj", "{BB05FD01-3D30-4B99-83BF-F2C13ED3DC21}"
EndProject
Project("{FAE04EC0-301F-11D3-BF4B-00C04F79EFBC}") = "Meetings.Web", "Meetings.Web\Meetings.Web.csproj", "{4763F28F-56F0-4254-8568-7DB1A215455B}"
EndProject
Global
	GlobalSection(SolutionConfigurationPlatforms) = preSolution
		Debug|Any CPU = Debug|Any CPU
		Release|Any CPU = Release|Any CPU
	EndGlobalSection
	GlobalSection(ProjectConfigurationPlatforms) = postSolution
		{0F2AB44E-7CB7-42BD-9A45-D77FE35709D4}.Debug|Any CPU.ActiveCfg = Debug|Any CPU
		{0F2AB44E-7CB7-42BD-9A45-D77FE35709D4}.Debug|Any CPU.Build.0 = Debug|Any CPU
		{0F2AB44E-7CB7-42BD-9A45-D77FE35709D4}.Release|Any CPU.ActiveCfg = Release|Any CPU
		{0F2AB44E-7CB7-42BD-9A45-D77FE35709D4}.Release|Any CPU.Build.0 = Release|Any CPU
		{E8B1C285-99A9-47BF-8C73-32023ED6B476}.Debug|Any CPU.ActiveCfg = Debug|Any CPU
		{E8B1C285-99A9-47BF-8C73-32023ED6B476}.Debug|Any CPU.Build.0 = Debug|Any CPU
		{E8B1C285-99A9-47BF-8C73-32023ED6B476}.Release|Any CPU.ActiveCfg = Release|Any CPU
		{E8B1C285-99A9-47BF-8C73-32023ED6B476}.Release|Any CPU.Build.0 = Release|Any CPU
		{1C81BCCD-F041-4179-AAD7-9EEF484AD44C}.Debug|Any CPU.ActiveCfg = Debug|Any CPU
		{1C81BCCD-F041-4179-AAD7-9EEF484AD44C}.Debug|Any CPU.Build.0 = Debug|Any CPU
		{1C81BCCD-F041-4179-AAD7-9EEF484AD44C}.Release|Any CPU.ActiveCfg = Release|Any CPU
		{1C81BCCD-F041-4179-AAD7-9EEF484AD44C}.Release|Any CPU.Build.0 = Release|Any CPU
		{C3CA91C7-80D6-49FC-A066-E3EFFD7CDD69}.Debug|Any CPU.ActiveCfg = Debug|Any CPU
		{C3CA91C7-80D6-49FC-A066-E3EFFD7CDD69}.Debug|Any CPU.Build.0 = Debug|Any CPU
		{C3CA91C7-80D6-49FC-A066-E3EFFD7CDD69}.Release|Any CPU.ActiveCfg = Release|Any CPU
		{C3CA91C7-80D6-49FC-A066-E3EFFD7CDD69}.Release|Any CPU.Build.0 = Release|Any CPU
		{494F0604-0029-4F14-A73B-93CD6934D66D}.Debug|Any CPU.ActiveCfg = Debug|Any CPU
		{494F0604-0029-4F14-A73B-93CD6934D66D}.Debug|Any CPU.Build.0 = Debug|Any CPU
		{494F0604-0029-4F14-A73B-93CD6934D66D}.Release|Any CPU.ActiveCfg = Release|Any CPU
		{494F0604-0029-4F14-A73B-93CD6934D66D}.Release|Any CPU.Build.0 = Release|Any CPU
		{92668B71-87B5-4AD5-8FA1-661F83DA8672}.Debug|Any CPU.ActiveCfg = Debug|Any CPU
		{92668B71-87B5-4AD5-8FA1-661F83DA8672}.Debug|Any CPU.Build.0 = Debug|Any CPU
		{92668B71-87B5-4AD5-8FA1-661F83DA8672}.Release|Any CPU.ActiveCfg = Release|Any CPU
		{92668B71-87B5-4AD5-8FA1-661F83DA8672}.Release|Any CPU.Build.0 = Release|Any CPU
		{303F50A4-FB1E-4FD9-B541-C2D77D433E41}.Debug|Any CPU.ActiveCfg = Debug|Any CPU
		{303F50A4-FB1E-4FD9-B541-C2D77D433E41}.Debug|Any CPU.Build.0 = Debug|Any CPU
		{303F50A4-FB1E-4FD9-B541-C2D77D433E41}.Release|Any CPU.ActiveCfg = Release|Any CPU
		{303F50A4-FB1E-4FD9-B541-C2D77D433E41}.Release|Any CPU.Build.0 = Release|Any CPU
		{AA4E8747-DBDB-4A58-B205-5F8CF9166476}.Debug|Any CPU.ActiveCfg = Debug|Any CPU
		{AA4E8747-DBDB-4A58-B205-5F8CF9166476}.Debug|Any CPU.Build.0 = Debug|Any CPU
		{AA4E8747-DBDB-4A58-B205-5F8CF9166476}.Release|Any CPU.ActiveCfg = Release|Any CPU
		{AA4E8747-DBDB-4A58-B205-5F8CF9166476}.Release|Any CPU.Build.0 = Release|Any CPU
		{DA452406-F7E4-4DE6-A528-BC76C4ADBDD6}.Debug|Any CPU.ActiveCfg = Debug|Any CPU
		{DA452406-F7E4-4DE6-A528-BC76C4ADBDD6}.Debug|Any CPU.Build.0 = Debug|Any CPU
		{DA452406-F7E4-4DE6-A528-BC76C4ADBDD6}.Release|Any CPU.ActiveCfg = Release|Any CPU
		{DA452406-F7E4-4DE6-A528-BC76C4ADBDD6}.Release|Any CPU.Build.0 = Release|Any CPU
		{3DA4189A-CD21-40F5-9B7A-5264047C9082}.Debug|Any CPU.ActiveCfg = Debug|Any CPU
		{3DA4189A-CD21-40F5-9B7A-5264047C9082}.Debug|Any CPU.Build.0 = Debug|Any CPU
		{3DA4189A-CD21-40F5-9B7A-5264047C9082}.Release|Any CPU.ActiveCfg = Release|Any CPU
		{3DA4189A-CD21-40F5-9B7A-5264047C9082}.Release|Any CPU.Build.0 = Release|Any CPU
		{BD441D98-FCA0-4D02-B53E-9C295B1F6E08}.Debug|Any CPU.ActiveCfg = Debug|Any CPU
		{BD441D98-FCA0-4D02-B53E-9C295B1F6E08}.Debug|Any CPU.Build.0 = Debug|Any CPU
		{BD441D98-FCA0-4D02-B53E-9C295B1F6E08}.Release|Any CPU.ActiveCfg = Release|Any CPU
		{BD441D98-FCA0-4D02-B53E-9C295B1F6E08}.Release|Any CPU.Build.0 = Release|Any CPU
		{21852674-16C0-4B2E-8E2E-40B93F8DE409}.Debug|Any CPU.ActiveCfg = Debug|Any CPU
		{21852674-16C0-4B2E-8E2E-40B93F8DE409}.Debug|Any CPU.Build.0 = Debug|Any CPU
		{21852674-16C0-4B2E-8E2E-40B93F8DE409}.Release|Any CPU.ActiveCfg = Release|Any CPU
		{21852674-16C0-4B2E-8E2E-40B93F8DE409}.Release|Any CPU.Build.0 = Release|Any CPU
		{BB05FD01-3D30-4B99-83BF-F2C13ED3DC21}.Debug|Any CPU.ActiveCfg = Debug|Any CPU
		{BB05FD01-3D30-4B99-83BF-F2C13ED3DC21}.Debug|Any CPU.Build.0 = Debug|Any CPU
		{BB05FD01-3D30-4B99-83BF-F2C13ED3DC21}.Release|Any CPU.ActiveCfg = Release|Any CPU
		{BB05FD01-3D30-4B99-83BF-F2C13ED3DC21}.Release|Any CPU.Build.0 = Release|Any CPU
		{4763F28F-56F0-4254-8568-7DB1A215455B}.Debug|Any CPU.ActiveCfg = Debug|Any CPU
		{4763F28F-56F0-4254-8568-7DB1A215455B}.Debug|Any CPU.Build.0 = Debug|Any CPU
		{4763F28F-56F0-4254-8568-7DB1A215455B}.Release|Any CPU.ActiveCfg = Release|Any CPU
		{4763F28F-56F0-4254-8568-7DB1A215455B}.Release|Any CPU.Build.0 = Release|Any CPU
	EndGlobalSection
	GlobalSection(SolutionProperties) = preSolution
		HideSolutionNode = FALSE
	EndGlobalSection
	GlobalSection(NestedProjects) = preSolution
		{0F2AB44E-7CB7-42BD-9A45-D77FE35709D4} = {2812E4FB-0E4D-4598-9622-CC990007624C}
		{E8B1C285-99A9-47BF-8C73-32023ED6B476} = {2812E4FB-0E4D-4598-9622-CC990007624C}
		{1C81BCCD-F041-4179-AAD7-9EEF484AD44C} = {2812E4FB-0E4D-4598-9622-CC990007624C}
		{C3CA91C7-80D6-49FC-A066-E3EFFD7CDD69} = {2812E4FB-0E4D-4598-9622-CC990007624C}
		{494F0604-0029-4F14-A73B-93CD6934D66D} = {2812E4FB-0E4D-4598-9622-CC990007624C}
		{92668B71-87B5-4AD5-8FA1-661F83DA8672} = {2812E4FB-0E4D-4598-9622-CC990007624C}
		{303F50A4-FB1E-4FD9-B541-C2D77D433E41} = {2812E4FB-0E4D-4598-9622-CC990007624C}
		{AA4E8747-DBDB-4A58-B205-5F8CF9166476} = {DBB1F9CE-39DC-4AEA-9983-85F7A79A4F85}
		{3DA4189A-CD21-40F5-9B7A-5264047C9082} = {DBB1F9CE-39DC-4AEA-9983-85F7A79A4F85}
		{BD441D98-FCA0-4D02-B53E-9C295B1F6E08} = {1A4CFD3B-5B2B-4A59-801D-100E3738FA9B}
		{21852674-16C0-4B2E-8E2E-40B93F8DE409} = {1A4CFD3B-5B2B-4A59-801D-100E3738FA9B}
		{BB05FD01-3D30-4B99-83BF-F2C13ED3DC21} = {1A4CFD3B-5B2B-4A59-801D-100E3738FA9B}
		{4763F28F-56F0-4254-8568-7DB1A215455B} = {1A4CFD3B-5B2B-4A59-801D-100E3738FA9B}
	EndGlobalSection
	GlobalSection(ExtensibilityGlobals) = postSolution
		SolutionGuid = {18AE4AC6-54E7-4B9D-932A-4CA7A7490E40}
	EndGlobalSection
EndGlobal
